
Microsoft Visual Studio Solution File, Format Version 12.00
Project("{FAE04EC0-301F-11D3-BF4B-00C04F79EFBC}") = "Mission3", "Mission3.csproj", "{24FF525C-7CAE-419F-A131-4BC2573BFF61}"
EndProject
Global
	GlobalSection(SolutionConfigurationPlatforms) = preSolution
		Debug|Any CPU = Debug|Any CPU
		Release|Any CPU = Release|Any CPU
	EndGlobalSection
	GlobalSection(ProjectConfigurationPlatforms) = postSolution
		{24FF525C-7CAE-419F-A131-4BC2573BFF61}.Debug|Any CPU.ActiveCfg = Debug|Any CPU
		{24FF525C-7CAE-419F-A131-4BC2573BFF61}.Debug|Any CPU.Build.0 = Debug|Any CPU
		{24FF525C-7CAE-419F-A131-4BC2573BFF61}.Release|Any CPU.ActiveCfg = Release|Any CPU
		{24FF525C-7CAE-419F-A131-4BC2573BFF61}.Release|Any CPU.Build.0 = Release|Any CPU
	EndGlobalSection
EndGlobal
